
Microsoft Visual Studio Solution File, Format Version 12.00
# Visual Studio 14
VisualStudioVersion = 14.0.25420.1
MinimumVisualStudioVersion = 10.0.40219.1
Project("{E24C65DC-7377-472B-9ABA-BC803B73C61A}") = "Magic8HW", "..\..\WebSites\Magic8HW\", "{CFF0E991-C325-49F8-AAA5-30D4F373D7ED}"
	ProjectSection(WebsiteProperties) = preProject
		TargetFrameworkMoniker = ".NETFramework,Version%3Dv4.5.2"
		Debug.AspNetCompiler.VirtualPath = "/localhost_54502"
		Debug.AspNetCompiler.PhysicalPath = "..\..\WebSites\Magic8HW\"
		Debug.AspNetCompiler.TargetPath = "PrecompiledWeb\localhost_54502\"
		Debug.AspNetCompiler.Updateable = "true"
		Debug.AspNetCompiler.ForceOverwrite = "true"
		Debug.AspNetCompiler.FixedNames = "false"
		Debug.AspNetCompiler.Debug = "True"
		Release.AspNetCompiler.VirtualPath = "/localhost_54502"
		Release.AspNetCompiler.PhysicalPath = "..\..\WebSites\Magic8HW\"
		Release.AspNetCompiler.TargetPath = "PrecompiledWeb\localhost_54502\"
		Release.AspNetCompiler.Updateable = "true"
		Release.AspNetCompiler.ForceOverwrite = "true"
		Release.AspNetCompiler.FixedNames = "false"
		Release.AspNetCompiler.Debug = "False"
		VWDPort = "54502"
		SlnRelativePath = "..\..\WebSites\Magic8HW\"
		DefaultWebSiteLanguage = "Visual C#"
	EndProjectSection
EndProject
Global
	GlobalSection(SolutionConfigurationPlatforms) = preSolution
		Debug|Any CPU = Debug|Any CPU
	EndGlobalSection
	GlobalSection(ProjectConfigurationPlatforms) = postSolution
		{CFF0E991-C325-49F8-AAA5-30D4F373D7ED}.Debug|Any CPU.ActiveCfg = Debug|Any CPU
		{CFF0E991-C325-49F8-AAA5-30D4F373D7ED}.Debug|Any CPU.Build.0 = Debug|Any CPU
	EndGlobalSection
	GlobalSection(SolutionProperties) = preSolution
		HideSolutionNode = FALSE
	EndGlobalSection
EndGlobal
